
Microsoft Visual Studio Solution File, Format Version 12.00
# Visual Studio Version 16
VisualStudioVersion = 16.0.29201.188
MinimumVisualStudioVersion = 10.0.40219.1
Project("{9092AA53-FB77-4645-B42D-1CCCA6BD08BD}") = "Uncle", "Uncle.njsproj", "{AB0EE46C-D83C-44A2-B63E-FDD8328E2609}"
EndProject
Global
	GlobalSection(SolutionConfigurationPlatforms) = preSolution
		Debug|Any CPU = Debug|Any CPU
		Release|Any CPU = Release|Any CPU
	EndGlobalSection
	GlobalSection(ProjectConfigurationPlatforms) = postSolution
		{AB0EE46C-D83C-44A2-B63E-FDD8328E2609}.Debug|Any CPU.ActiveCfg = Debug|Any CPU
		{AB0EE46C-D83C-44A2-B63E-FDD8328E2609}.Debug|Any CPU.Build.0 = Debug|Any CPU
		{AB0EE46C-D83C-44A2-B63E-FDD8328E2609}.Release|Any CPU.ActiveCfg = Release|Any CPU
		{AB0EE46C-D83C-44A2-B63E-FDD8328E2609}.Release|Any CPU.Build.0 = Release|Any CPU
	EndGlobalSection
	GlobalSection(SolutionProperties) = preSolution
		HideSolutionNode = FALSE
	EndGlobalSection
	GlobalSection(ExtensibilityGlobals) = postSolution
		SolutionGuid = {5DCE2DC5-BEBD-4A80-B4D9-7185B0EC4A41}
	EndGlobalSection
EndGlobal
